
Microsoft Visual Studio Solution File, Format Version 12.00
# Visual Studio Version 17
VisualStudioVersion = 17.5.33424.131
MinimumVisualStudioVersion = 10.0.40219.1
Project("{FAE04EC0-301F-11D3-BF4B-00C04F79EFBC}") = "Ejercicios tema 4", "Ejercicios tema 4.csproj", "{A682F66C-8C51-4FF4-9042-BACCB686D265}"
EndProject
Global
	GlobalSection(SolutionConfigurationPlatforms) = preSolution
		Debug|Any CPU = Debug|Any CPU
		Release|Any CPU = Release|Any CPU
	EndGlobalSection
	GlobalSection(ProjectConfigurationPlatforms) = postSolution
		{A682F66C-8C51-4FF4-9042-BACCB686D265}.Debug|Any CPU.ActiveCfg = Debug|Any CPU
		{A682F66C-8C51-4FF4-9042-BACCB686D265}.Debug|Any CPU.Build.0 = Debug|Any CPU
		{A682F66C-8C51-4FF4-9042-BACCB686D265}.Release|Any CPU.ActiveCfg = Release|Any CPU
		{A682F66C-8C51-4FF4-9042-BACCB686D265}.Release|Any CPU.Build.0 = Release|Any CPU
	EndGlobalSection
	GlobalSection(SolutionProperties) = preSolution
		HideSolutionNode = FALSE
	EndGlobalSection
	GlobalSection(ExtensibilityGlobals) = postSolution
		SolutionGuid = {E4C8B6EE-08BD-4543-B6C0-A4804A80EDBB}
	EndGlobalSection
EndGlobal
